
Microsoft Visual Studio Solution File, Format Version 12.00
# Visual Studio 2013
VisualStudioVersion = 12.0.21005.1
MinimumVisualStudioVersion = 10.0.40219.1
Project("{FAE04EC0-301F-11D3-BF4B-00C04F79EFBC}") = "ConsoleApplication1", "ConsoleApplication1\ConsoleApplication1.csproj", "{50FA26B3-90FB-4857-A6B0-91E3EDA961C3}"
EndProject
Project("{FAE04EC0-301F-11D3-BF4B-00C04F79EFBC}") = "UnitTestProject1", "UnitTestProject1\UnitTestProject1.csproj", "{798065C7-BC1B-4C86-9FE6-C8F3B6B76976}"
EndProject
Global
	GlobalSection(SolutionConfigurationPlatforms) = preSolution
		Debug|Any CPU = Debug|Any CPU
		Release|Any CPU = Release|Any CPU
	EndGlobalSection
	GlobalSection(ProjectConfigurationPlatforms) = postSolution
		{50FA26B3-90FB-4857-A6B0-91E3EDA961C3}.Debug|Any CPU.ActiveCfg = Debug|Any CPU
		{50FA26B3-90FB-4857-A6B0-91E3EDA961C3}.Debug|Any CPU.Build.0 = Debug|Any CPU
		{50FA26B3-90FB-4857-A6B0-91E3EDA961C3}.Release|Any CPU.ActiveCfg = Release|Any CPU
		{50FA26B3-90FB-4857-A6B0-91E3EDA961C3}.Release|Any CPU.Build.0 = Release|Any CPU
		{798065C7-BC1B-4C86-9FE6-C8F3B6B76976}.Debug|Any CPU.ActiveCfg = Debug|Any CPU
		{798065C7-BC1B-4C86-9FE6-C8F3B6B76976}.Debug|Any CPU.Build.0 = Debug|Any CPU
		{798065C7-BC1B-4C86-9FE6-C8F3B6B76976}.Release|Any CPU.ActiveCfg = Release|Any CPU
		{798065C7-BC1B-4C86-9FE6-C8F3B6B76976}.Release|Any CPU.Build.0 = Release|Any CPU
	EndGlobalSection
	GlobalSection(SolutionProperties) = preSolution
		HideSolutionNode = FALSE
	EndGlobalSection
EndGlobal
